{
  "pins" : [
    {
      "identity" : "ios-core-package",
      "kind" : "remoteSourceControl",
      "location" : "https://github.com/minhtien1403/ios-core-package",
      "state" : {
        "branch" : "master",
        "revision" : "657bc7003adfea3aeb76622c9f569cf8bfbdf767"
      }
    },
    {
      "identity" : "ios-shared-package",
      "kind" : "remoteSourceControl",
      "location" : "https://github.com/minhtien1403/ios-shared-package",
      "state" : {
        "branch" : "master",
        "revision" : "908a6ae180fe7f66c23813c5fabf74ce5b24a457"
      }
    }
  ],
  "version" : 2
}
