{
  "pins" : [
    {
      "identity" : "ios-core-package",
      "kind" : "remoteSourceControl",
      "location" : "https://github.com/minhtien1403/ios-core-package",
      "state" : {
        "branch" : "master",
        "revision" : "657bc7003adfea3aeb76622c9f569cf8bfbdf767"
      }
    },
    {
      "identity" : "ios-shared-package",
      "kind" : "remoteSourceControl",
      "location" : "https://github.com/minhtien1403/ios-shared-package",
      "state" : {
        "branch" : "master",
        "revision" : "08d4539d5c8bba4cdab54b04687b3794bf3415ad"
      }
    },
    {
      "identity" : "kingfisher",
      "kind" : "remoteSourceControl",
      "location" : "https://github.com/onevcat/Kingfisher.git",
      "state" : {
        "revision" : "2ef543ee21d63734e1c004ad6c870255e8716c50",
        "version" : "7.12.0"
      }
    },
    {
      "identity" : "snapkit",
      "kind" : "remoteSourceControl",
      "location" : "https://github.com/SnapKit/SnapKit.git",
      "state" : {
        "revision" : "2842e6e84e82eb9a8dac0100ca90d9444b0307f4",
        "version" : "5.7.1"
      }
    }
  ],
  "version" : 2
}
